
Microsoft Visual Studio Solution File, Format Version 12.00
# Visual Studio 15
VisualStudioVersion = 15.0.26730.12
MinimumVisualStudioVersion = 10.0.40219.1
Project("{2150E333-8FDC-42A3-9474-1A3956D46DE8}") = ".paket", ".paket", "{4513A286-0093-4314-9E32-DE4AAF738A21}"
	ProjectSection(SolutionItems) = preProject
		paket.dependencies = paket.dependencies
	EndProjectSection
EndProject
Project("{FAE04EC0-301F-11D3-BF4B-00C04F79EFBC}") = "Demo.MassTransit", "Demo.MassTransit\Demo.MassTransit.csproj", "{901DDF5B-218F-40EA-953C-E9F61AC748EE}"
EndProject
Project("{FAE04EC0-301F-11D3-BF4B-00C04F79EFBC}") = "Demo.MassTransit.Messages", "Demo.MassTransit.Messages\Demo.MassTransit.Messages.csproj", "{9463713E-9AD6-4006-985D-BB9590E2B890}"
EndProject
Project("{FAE04EC0-301F-11D3-BF4B-00C04F79EFBC}") = "Demo.MassTransit.Client", "Demo.MassTransit.Client\Demo.MassTransit.Client.csproj", "{5CA7C612-8262-4EB1-A81D-3EF701D695C3}"
EndProject
Global
	GlobalSection(SolutionConfigurationPlatforms) = preSolution
		Debug|Any CPU = Debug|Any CPU
		Release|Any CPU = Release|Any CPU
	EndGlobalSection
	GlobalSection(ProjectConfigurationPlatforms) = postSolution
		{901DDF5B-218F-40EA-953C-E9F61AC748EE}.Debug|Any CPU.ActiveCfg = Debug|Any CPU
		{901DDF5B-218F-40EA-953C-E9F61AC748EE}.Debug|Any CPU.Build.0 = Debug|Any CPU
		{901DDF5B-218F-40EA-953C-E9F61AC748EE}.Release|Any CPU.ActiveCfg = Release|Any CPU
		{901DDF5B-218F-40EA-953C-E9F61AC748EE}.Release|Any CPU.Build.0 = Release|Any CPU
		{9463713E-9AD6-4006-985D-BB9590E2B890}.Debug|Any CPU.ActiveCfg = Debug|Any CPU
		{9463713E-9AD6-4006-985D-BB9590E2B890}.Debug|Any CPU.Build.0 = Debug|Any CPU
		{9463713E-9AD6-4006-985D-BB9590E2B890}.Release|Any CPU.ActiveCfg = Release|Any CPU
		{9463713E-9AD6-4006-985D-BB9590E2B890}.Release|Any CPU.Build.0 = Release|Any CPU
		{5CA7C612-8262-4EB1-A81D-3EF701D695C3}.Debug|Any CPU.ActiveCfg = Debug|Any CPU
		{5CA7C612-8262-4EB1-A81D-3EF701D695C3}.Debug|Any CPU.Build.0 = Debug|Any CPU
		{5CA7C612-8262-4EB1-A81D-3EF701D695C3}.Release|Any CPU.ActiveCfg = Release|Any CPU
		{5CA7C612-8262-4EB1-A81D-3EF701D695C3}.Release|Any CPU.Build.0 = Release|Any CPU
	EndGlobalSection
	GlobalSection(SolutionProperties) = preSolution
		HideSolutionNode = FALSE
	EndGlobalSection
	GlobalSection(ExtensibilityGlobals) = postSolution
		SolutionGuid = {78079D61-3DDD-4885-8324-775E78D232A3}
	EndGlobalSection
EndGlobal
