
Microsoft Visual Studio Solution File, Format Version 12.00
# Visual Studio 15
VisualStudioVersion = 15.0.26730.12
MinimumVisualStudioVersion = 10.0.40219.1
Project("{FAE04EC0-301F-11D3-BF4B-00C04F79EFBC}") = "Demo.MassTransit.Service1", "Demo.MassTransit.Service1\Demo.MassTransit.Service1.csproj", "{901DDF5B-218F-40EA-953C-E9F61AC748EE}"
EndProject
Project("{FAE04EC0-301F-11D3-BF4B-00C04F79EFBC}") = "Demo.MassTransit.Messages", "Demo.MassTransit.Messages\Demo.MassTransit.Messages.csproj", "{9463713E-9AD6-4006-985D-BB9590E2B890}"
EndProject
Global
	GlobalSection(SolutionProperties) = preSolution
		HideSolutionNode = FALSE
	EndGlobalSection
	GlobalSection(ExtensibilityGlobals) = postSolution
		SolutionGuid = {E645431B-9244-420A-9113-AA68D7E20D40}
	EndGlobalSection
	GlobalSection(SolutionConfigurationPlatforms) = preSolution
		Debug|Any CPU = Debug|Any CPU
		Release|Any CPU = Release|Any CPU
	EndGlobalSection
	GlobalSection(ProjectConfigurationPlatforms) = postSolution
		{901DDF5B-218F-40EA-953C-E9F61AC748EE}.Debug|Any CPU.ActiveCfg = Debug|Any CPU
		{901DDF5B-218F-40EA-953C-E9F61AC748EE}.Debug|Any CPU.Build.0 = Debug|Any CPU
		{901DDF5B-218F-40EA-953C-E9F61AC748EE}.Release|Any CPU.ActiveCfg = Release|Any CPU
		{901DDF5B-218F-40EA-953C-E9F61AC748EE}.Release|Any CPU.Build.0 = Release|Any CPU
		{9463713E-9AD6-4006-985D-BB9590E2B890}.Debug|Any CPU.ActiveCfg = Debug|Any CPU
		{9463713E-9AD6-4006-985D-BB9590E2B890}.Debug|Any CPU.Build.0 = Debug|Any CPU
		{9463713E-9AD6-4006-985D-BB9590E2B890}.Release|Any CPU.ActiveCfg = Release|Any CPU
		{9463713E-9AD6-4006-985D-BB9590E2B890}.Release|Any CPU.Build.0 = Release|Any CPU
	EndGlobalSection
EndGlobal
