
Microsoft Visual Studio Solution File, Format Version 12.00
# Visual Studio 2013
VisualStudioVersion = 12.0.0.0
MinimumVisualStudioVersion = 10.0.0.1
Project("{FAE04EC0-301F-11D3-BF4B-00C04F79EFBC}") = "Demo.MassTransit.Saga", "Demo.MassTransit.Saga/Demo.MassTransit.Saga.csproj", "{BA389971-1617-4357-9454-62788D916F48}"
EndProject
Project("{FAE04EC0-301F-11D3-BF4B-00C04F79EFBC}") = "Demo.MassTransit.Messages", "Demo.MassTransit.Messages\Demo.MassTransit.Messages.csproj", "{9463713E-9AD6-4006-985D-BB9590E2B890}"
EndProject
Global
	GlobalSection(SolutionConfigurationPlatforms) = preSolution
		Debug|Any CPU = Debug|Any CPU
		Release|Any CPU = Release|Any CPU
	EndGlobalSection
	GlobalSection(ProjectConfigurationPlatforms) = postSolution
		{BA389971-1617-4357-9454-62788D916F48}.Debug|Any CPU.ActiveCfg = Debug|Any CPU
		{BA389971-1617-4357-9454-62788D916F48}.Debug|Any CPU.Build.0 = Debug|Any CPU
		{BA389971-1617-4357-9454-62788D916F48}.Release|Any CPU.ActiveCfg = Release|Any CPU
		{BA389971-1617-4357-9454-62788D916F48}.Release|Any CPU.Build.0 = Release|Any CPU
		{9463713E-9AD6-4006-985D-BB9590E2B890}.Debug|Any CPU.ActiveCfg = Debug|Any CPU
		{9463713E-9AD6-4006-985D-BB9590E2B890}.Debug|Any CPU.Build.0 = Debug|Any CPU
		{9463713E-9AD6-4006-985D-BB9590E2B890}.Release|Any CPU.ActiveCfg = Release|Any CPU
		{9463713E-9AD6-4006-985D-BB9590E2B890}.Release|Any CPU.Build.0 = Release|Any CPU
	EndGlobalSection
	GlobalSection(SolutionProperties) = preSolution
		HideSolutionNode = FALSE
	EndGlobalSection
EndGlobal
